// !$*UTF8*$!
{
	archiveVersion = 1;
	classes = {
	};
	objectVersion = 46;
	objects = {

/* Begin PBXBuildFile section */
		E91E3C711EAC48E200B8592A /* Attribute.cpp in Sources */ = {isa = PBXBuildFile; fileRef = E91E3C6F1EAC48E200B8592A /* Attribute.cpp */; };
		E942FAF11EB7AD10002E6764 /* Menu.cpp in Sources */ = {isa = PBXBuildFile; fileRef = E942FAEF1EB7AD10002E6764 /* Menu.cpp */; };
		E9D2CD991EA7905700D698C1 /* Database.cpp in Sources */ = {isa = PBXBuildFile; fileRef = E9D2CD971EA7905600D698C1 /* Database.cpp */; };
		E9D2CD9C1EA7919D00D698C1 /* Table.cpp in Sources */ = {isa = PBXBuildFile; fileRef = E9D2CD9A1EA7919C00D698C1 /* Table.cpp */; };
		E9D2CD9F1EA791F300D698C1 /* Element.cpp in Sources */ = {isa = PBXBuildFile; fileRef = E9D2CD9D1EA791F300D698C1 /* Element.cpp */; };
		E9D2CDA21EA7923400D698C1 /* Field.cpp in Sources */ = {isa = PBXBuildFile; fileRef = E9D2CDA01EA7923400D698C1 /* Field.cpp */; };
		E9D636A81E9D4D2800B81D71 /* main.cpp in Sources */ = {isa = PBXBuildFile; fileRef = E9D636A71E9D4D2800B81D71 /* main.cpp */; };
		E9D636E61EA56AD300B81D71 /* file.txt in CopyFiles */ = {isa = PBXBuildFile; fileRef = E9D636E51EA56AD300B81D71 /* file.txt */; };
		E9F3AEB31EC3ED6900405726 /* Util.cpp in Sources */ = {isa = PBXBuildFile; fileRef = E9F3AEB11EC3ED6900405726 /* Util.cpp */; };
/* End PBXBuildFile section */

/* Begin PBXCopyFilesBuildPhase section */
		E9D636A21E9D4D2800B81D71 /* CopyFiles */ = {
			isa = PBXCopyFilesBuildPhase;
			buildActionMask = 2147483647;
			dstPath = /usr/share/man/man1;
			dstSubfolderSpec = 0;
			files = (
			);
			runOnlyForDeploymentPostprocessing = 1;
		};
		E9D636E41EA56AA400B81D71 /* CopyFiles */ = {
			isa = PBXCopyFilesBuildPhase;
			buildActionMask = 2147483647;
			dstPath = "";
			dstSubfolderSpec = 16;
			files = (
				E9D636E61EA56AD300B81D71 /* file.txt in CopyFiles */,
			);
			runOnlyForDeploymentPostprocessing = 0;
		};
/* End PBXCopyFilesBuildPhase section */

/* Begin PBXFileReference section */
		E91E3C6F1EAC48E200B8592A /* Attribute.cpp */ = {isa = PBXFileReference; fileEncoding = 4; lastKnownFileType = sourcecode.cpp.cpp; path = Attribute.cpp; sourceTree = "<group>"; };
		E91E3C701EAC48E200B8592A /* Attribute.hpp */ = {isa = PBXFileReference; fileEncoding = 4; lastKnownFileType = sourcecode.cpp.h; path = Attribute.hpp; sourceTree = "<group>"; };
		E942FAEF1EB7AD10002E6764 /* Menu.cpp */ = {isa = PBXFileReference; fileEncoding = 4; lastKnownFileType = sourcecode.cpp.cpp; path = Menu.cpp; sourceTree = "<group>"; };
		E942FAF01EB7AD10002E6764 /* Menu.hpp */ = {isa = PBXFileReference; fileEncoding = 4; lastKnownFileType = sourcecode.cpp.h; path = Menu.hpp; sourceTree = "<group>"; };
		E9D2CD971EA7905600D698C1 /* Database.cpp */ = {isa = PBXFileReference; fileEncoding = 4; lastKnownFileType = sourcecode.cpp.cpp; path = Database.cpp; sourceTree = "<group>"; };
		E9D2CD981EA7905600D698C1 /* Database.hpp */ = {isa = PBXFileReference; fileEncoding = 4; lastKnownFileType = sourcecode.cpp.h; path = Database.hpp; sourceTree = "<group>"; };
		E9D2CD9A1EA7919C00D698C1 /* Table.cpp */ = {isa = PBXFileReference; fileEncoding = 4; lastKnownFileType = sourcecode.cpp.cpp; path = Table.cpp; sourceTree = "<group>"; };
		E9D2CD9B1EA7919C00D698C1 /* Table.hpp */ = {isa = PBXFileReference; fileEncoding = 4; lastKnownFileType = sourcecode.cpp.h; path = Table.hpp; sourceTree = "<group>"; };
		E9D2CD9D1EA791F300D698C1 /* Element.cpp */ = {isa = PBXFileReference; fileEncoding = 4; lastKnownFileType = sourcecode.cpp.cpp; path = Element.cpp; sourceTree = "<group>"; };
		E9D2CD9E1EA791F300D698C1 /* Element.hpp */ = {isa = PBXFileReference; fileEncoding = 4; lastKnownFileType = sourcecode.cpp.h; path = Element.hpp; sourceTree = "<group>"; };
		E9D2CDA01EA7923400D698C1 /* Field.cpp */ = {isa = PBXFileReference; fileEncoding = 4; lastKnownFileType = sourcecode.cpp.cpp; path = Field.cpp; sourceTree = "<group>"; };
		E9D2CDA11EA7923400D698C1 /* Field.hpp */ = {isa = PBXFileReference; fileEncoding = 4; lastKnownFileType = sourcecode.cpp.h; path = Field.hpp; sourceTree = "<group>"; };
		E9D636A41E9D4D2800B81D71 /* imdb */ = {isa = PBXFileReference; explicitFileType = "compiled.mach-o.executable"; includeInIndex = 0; path = imdb; sourceTree = BUILT_PRODUCTS_DIR; };
		E9D636A71E9D4D2800B81D71 /* main.cpp */ = {isa = PBXFileReference; lastKnownFileType = sourcecode.cpp.cpp; path = main.cpp; sourceTree = "<group>"; };
		E9D636E51EA56AD300B81D71 /* file.txt */ = {isa = PBXFileReference; lastKnownFileType = text; name = file.txt; path = imdb/file.txt; sourceTree = "<group>"; };
		E9F3AEB11EC3ED6900405726 /* Util.cpp */ = {isa = PBXFileReference; fileEncoding = 4; lastKnownFileType = sourcecode.cpp.cpp; path = Util.cpp; sourceTree = "<group>"; };
		E9F3AEB21EC3ED6900405726 /* Util.hpp */ = {isa = PBXFileReference; fileEncoding = 4; lastKnownFileType = sourcecode.cpp.h; path = Util.hpp; sourceTree = "<group>"; };
/* End PBXFileReference section */

/* Begin PBXFrameworksBuildPhase section */
		E9D636A11E9D4D2800B81D71 /* Frameworks */ = {
			isa = PBXFrameworksBuildPhase;
			buildActionMask = 2147483647;
			files = (
			);
			runOnlyForDeploymentPostprocessing = 0;
		};
/* End PBXFrameworksBuildPhase section */

/* Begin PBXGroup section */
		E9D6369B1E9D4D2800B81D71 = {
			isa = PBXGroup;
			children = (
				E9D636E51EA56AD300B81D71 /* file.txt */,
				E9D636A61E9D4D2800B81D71 /* imdb */,
				E9D636A51E9D4D2800B81D71 /* Products */,
			);
			sourceTree = "<group>";
		};
		E9D636A51E9D4D2800B81D71 /* Products */ = {
			isa = PBXGroup;
			children = (
				E9D636A41E9D4D2800B81D71 /* imdb */,
			);
			name = Products;
			sourceTree = "<group>";
		};
		E9D636A61E9D4D2800B81D71 /* imdb */ = {
			isa = PBXGroup;
			children = (
				E9D636A71E9D4D2800B81D71 /* main.cpp */,
				E942FAEF1EB7AD10002E6764 /* Menu.cpp */,
				E942FAF01EB7AD10002E6764 /* Menu.hpp */,
				E9D2CD971EA7905600D698C1 /* Database.cpp */,
				E9D2CD981EA7905600D698C1 /* Database.hpp */,
				E9D2CD9A1EA7919C00D698C1 /* Table.cpp */,
				E9D2CD9B1EA7919C00D698C1 /* Table.hpp */,
				E9D2CD9D1EA791F300D698C1 /* Element.cpp */,
				E9D2CD9E1EA791F300D698C1 /* Element.hpp */,
				E9D2CDA01EA7923400D698C1 /* Field.cpp */,
				E9D2CDA11EA7923400D698C1 /* Field.hpp */,
				E91E3C6F1EAC48E200B8592A /* Attribute.cpp */,
				E91E3C701EAC48E200B8592A /* Attribute.hpp */,
				E9F3AEB11EC3ED6900405726 /* Util.cpp */,
				E9F3AEB21EC3ED6900405726 /* Util.hpp */,
			);
			path = imdb;
			sourceTree = "<group>";
		};
/* End PBXGroup section */

/* Begin PBXNativeTarget section */
		E9D636A31E9D4D2800B81D71 /* imdb */ = {
			isa = PBXNativeTarget;
			buildConfigurationList = E9D636AB1E9D4D2800B81D71 /* Build configuration list for PBXNativeTarget "imdb" */;
			buildPhases = (
				E9D636A01E9D4D2800B81D71 /* Sources */,
				E9D636A11E9D4D2800B81D71 /* Frameworks */,
				E9D636A21E9D4D2800B81D71 /* CopyFiles */,
				E9D636E41EA56AA400B81D71 /* CopyFiles */,
			);
			buildRules = (
			);
			dependencies = (
			);
			name = imdb;
			productName = imdb;
			productReference = E9D636A41E9D4D2800B81D71 /* imdb */;
			productType = "com.apple.product-type.tool";
		};
/* End PBXNativeTarget section */

/* Begin PBXProject section */
		E9D6369C1E9D4D2800B81D71 /* Project object */ = {
			isa = PBXProject;
			attributes = {
				LastUpgradeCheck = 0830;
				ORGANIZATIONNAME = "Thomás Marques";
				TargetAttributes = {
					E9D636A31E9D4D2800B81D71 = {
						CreatedOnToolsVersion = 8.3.1;
						ProvisioningStyle = Automatic;
					};
				};
			};
			buildConfigurationList = E9D6369F1E9D4D2800B81D71 /* Build configuration list for PBXProject "imdb" */;
			compatibilityVersion = "Xcode 3.2";
			developmentRegion = English;
			hasScannedForEncodings = 0;
			knownRegions = (
				en,
			);
			mainGroup = E9D6369B1E9D4D2800B81D71;
			productRefGroup = E9D636A51E9D4D2800B81D71 /* Products */;
			projectDirPath = "";
			projectRoot = "";
			targets = (
				E9D636A31E9D4D2800B81D71 /* imdb */,
			);
		};
/* End PBXProject section */

/* Begin PBXSourcesBuildPhase section */
		E9D636A01E9D4D2800B81D71 /* Sources */ = {
			isa = PBXSourcesBuildPhase;
			buildActionMask = 2147483647;
			files = (
				E91E3C711EAC48E200B8592A /* Attribute.cpp in Sources */,
				E9D2CD9C1EA7919D00D698C1 /* Table.cpp in Sources */,
				E9D2CDA21EA7923400D698C1 /* Field.cpp in Sources */,
				E9D2CD991EA7905700D698C1 /* Database.cpp in Sources */,
				E942FAF11EB7AD10002E6764 /* Menu.cpp in Sources */,
				E9D2CD9F1EA791F300D698C1 /* Element.cpp in Sources */,
				E9D636A81E9D4D2800B81D71 /* main.cpp in Sources */,
				E9F3AEB31EC3ED6900405726 /* Util.cpp in Sources */,
			);
			runOnlyForDeploymentPostprocessing = 0;
		};
/* End PBXSourcesBuildPhase section */

/* Begin XCBuildConfiguration section */
		E9D636A91E9D4D2800B81D71 /* Debug */ = {
			isa = XCBuildConfiguration;
			buildSettings = {
				ALWAYS_SEARCH_USER_PATHS = NO;
				CLANG_ANALYZER_NONNULL = YES;
				CLANG_ANALYZER_NUMBER_OBJECT_CONVERSION = YES_AGGRESSIVE;
				CLANG_CXX_LANGUAGE_STANDARD = "gnu++0x";
				CLANG_CXX_LIBRARY = "libc++";
				CLANG_ENABLE_MODULES = YES;
				CLANG_ENABLE_OBJC_ARC = YES;
				CLANG_WARN_BOOL_CONVERSION = YES;
				CLANG_WARN_CONSTANT_CONVERSION = YES;
				CLANG_WARN_DIRECT_OBJC_ISA_USAGE = YES_ERROR;
				CLANG_WARN_DOCUMENTATION_COMMENTS = YES;
				CLANG_WARN_EMPTY_BODY = YES;
				CLANG_WARN_ENUM_CONVERSION = YES;
				CLANG_WARN_INFINITE_RECURSION = YES;
				CLANG_WARN_INT_CONVERSION = YES;
				CLANG_WARN_OBJC_ROOT_CLASS = YES_ERROR;
				CLANG_WARN_SUSPICIOUS_MOVE = YES;
				CLANG_WARN_UNREACHABLE_CODE = YES;
				CLANG_WARN__DUPLICATE_METHOD_MATCH = YES;
				CODE_SIGN_IDENTITY = "-";
				COPY_PHASE_STRIP = NO;
				DEBUG_INFORMATION_FORMAT = dwarf;
				ENABLE_STRICT_OBJC_MSGSEND = YES;
				ENABLE_TESTABILITY = YES;
				GCC_C_LANGUAGE_STANDARD = gnu99;
				GCC_DYNAMIC_NO_PIC = NO;
				GCC_NO_COMMON_BLOCKS = YES;
				GCC_OPTIMIZATION_LEVEL = 0;
				GCC_PREPROCESSOR_DEFINITIONS = (
					"DEBUG=1",
					"$(inherited)",
				);
				GCC_WARN_64_TO_32_BIT_CONVERSION = YES;
				GCC_WARN_ABOUT_RETURN_TYPE = YES_ERROR;
				GCC_WARN_UNDECLARED_SELECTOR = YES;
				GCC_WARN_UNINITIALIZED_AUTOS = YES_AGGRESSIVE;
				GCC_WARN_UNUSED_FUNCTION = YES;
				GCC_WARN_UNUSED_VARIABLE = YES;
				MACOSX_DEPLOYMENT_TARGET = 10.12;
				MTL_ENABLE_DEBUG_INFO = YES;
				ONLY_ACTIVE_ARCH = YES;
				SDKROOT = macosx;
			};
			name = Debug;
		};
		E9D636AA1E9D4D2800B81D71 /* Release */ = {
			isa = XCBuildConfiguration;
			buildSettings = {
				ALWAYS_SEARCH_USER_PATHS = NO;
				CLANG_ANALYZER_NONNULL = YES;
				CLANG_ANALYZER_NUMBER_OBJECT_CONVERSION = YES_AGGRESSIVE;
				CLANG_CXX_LANGUAGE_STANDARD = "gnu++0x";
				CLANG_CXX_LIBRARY = "libc++";
				CLANG_ENABLE_MODULES = YES;
				CLANG_ENABLE_OBJC_ARC = YES;
				CLANG_WARN_BOOL_CONVERSION = YES;
				CLANG_WARN_CONSTANT_CONVERSION = YES;
				CLANG_WARN_DIRECT_OBJC_ISA_USAGE = YES_ERROR;
				CLANG_WARN_DOCUMENTATION_COMMENTS = YES;
				CLANG_WARN_EMPTY_BODY = YES;
				CLANG_WARN_ENUM_CONVERSION = YES;
				CLANG_WARN_INFINITE_RECURSION = YES;
				CLANG_WARN_INT_CONVERSION = YES;
				CLANG_WARN_OBJC_ROOT_CLASS = YES_ERROR;
				CLANG_WARN_SUSPICIOUS_MOVE = YES;
				CLANG_WARN_UNREACHABLE_CODE = YES;
				CLANG_WARN__DUPLICATE_METHOD_MATCH = YES;
				CODE_SIGN_IDENTITY = "-";
				COPY_PHASE_STRIP = NO;
				DEBUG_INFORMATION_FORMAT = "dwarf-with-dsym";
				ENABLE_NS_ASSERTIONS = NO;
				ENABLE_STRICT_OBJC_MSGSEND = YES;
				GCC_C_LANGUAGE_STANDARD = gnu99;
				GCC_NO_COMMON_BLOCKS = YES;
				GCC_WARN_64_TO_32_BIT_CONVERSION = YES;
				GCC_WARN_ABOUT_RETURN_TYPE = YES_ERROR;
				GCC_WARN_UNDECLARED_SELECTOR = YES;
				GCC_WARN_UNINITIALIZED_AUTOS = YES_AGGRESSIVE;
				GCC_WARN_UNUSED_FUNCTION = YES;
				GCC_WARN_UNUSED_VARIABLE = YES;
				MACOSX_DEPLOYMENT_TARGET = 10.12;
				MTL_ENABLE_DEBUG_INFO = NO;
				SDKROOT = macosx;
			};
			name = Release;
		};
		E9D636AC1E9D4D2800B81D71 /* Debug */ = {
			isa = XCBuildConfiguration;
			buildSettings = {
				PRODUCT_NAME = "$(TARGET_NAME)";
			};
			name = Debug;
		};
		E9D636AD1E9D4D2800B81D71 /* Release */ = {
			isa = XCBuildConfiguration;
			buildSettings = {
				PRODUCT_NAME = "$(TARGET_NAME)";
			};
			name = Release;
		};
/* End XCBuildConfiguration section */

/* Begin XCConfigurationList section */
		E9D6369F1E9D4D2800B81D71 /* Build configuration list for PBXProject "imdb" */ = {
			isa = XCConfigurationList;
			buildConfigurations = (
				E9D636A91E9D4D2800B81D71 /* Debug */,
				E9D636AA1E9D4D2800B81D71 /* Release */,
			);
			defaultConfigurationIsVisible = 0;
			defaultConfigurationName = Release;
		};
		E9D636AB1E9D4D2800B81D71 /* Build configuration list for PBXNativeTarget "imdb" */ = {
			isa = XCConfigurationList;
			buildConfigurations = (
				E9D636AC1E9D4D2800B81D71 /* Debug */,
				E9D636AD1E9D4D2800B81D71 /* Release */,
			);
			defaultConfigurationIsVisible = 0;
			defaultConfigurationName = Release;
		};
/* End XCConfigurationList section */
	};
	rootObject = E9D6369C1E9D4D2800B81D71 /* Project object */;
}
